
Microsoft Visual Studio Solution File, Format Version 12.00
# Visual Studio Version 17
VisualStudioVersion = 17.4.33205.214
MinimumVisualStudioVersion = 10.0.40219.1
Project("{FAE04EC0-301F-11D3-BF4B-00C04F79EFBC}") = "ITMO.CourseCSharp2022", "ITMO.CourseCSharp2022.csproj", "{25A81A7D-F1B1-4A49-86CF-012216029642}"
EndProject
Global
	GlobalSection(SolutionConfigurationPlatforms) = preSolution
		Debug|Any CPU = Debug|Any CPU
		Release|Any CPU = Release|Any CPU
	EndGlobalSection
	GlobalSection(ProjectConfigurationPlatforms) = postSolution
		{25A81A7D-F1B1-4A49-86CF-012216029642}.Debug|Any CPU.ActiveCfg = Debug|Any CPU
		{25A81A7D-F1B1-4A49-86CF-012216029642}.Debug|Any CPU.Build.0 = Debug|Any CPU
		{25A81A7D-F1B1-4A49-86CF-012216029642}.Release|Any CPU.ActiveCfg = Release|Any CPU
		{25A81A7D-F1B1-4A49-86CF-012216029642}.Release|Any CPU.Build.0 = Release|Any CPU
	EndGlobalSection
	GlobalSection(SolutionProperties) = preSolution
		HideSolutionNode = FALSE
	EndGlobalSection
	GlobalSection(ExtensibilityGlobals) = postSolution
		SolutionGuid = {C394E28D-1AB9-47E8-9593-9CD8C3BC23BC}
	EndGlobalSection
EndGlobal
