
Microsoft Visual Studio Solution File, Format Version 12.00
# Visual Studio Version 17
VisualStudioVersion = 17.3.32929.385
MinimumVisualStudioVersion = 10.0.40219.1
Project("{FAE04EC0-301F-11D3-BF4B-00C04F79EFBC}") = "BankAccount", "BankAccount\BankAccount.csproj", "{6380D049-3724-4DDB-8BE4-E6D0CFD11853}"
EndProject
Global
	GlobalSection(SolutionConfigurationPlatforms) = preSolution
		Debug|Any CPU = Debug|Any CPU
		Release|Any CPU = Release|Any CPU
	EndGlobalSection
	GlobalSection(ProjectConfigurationPlatforms) = postSolution
		{6380D049-3724-4DDB-8BE4-E6D0CFD11853}.Debug|Any CPU.ActiveCfg = Debug|Any CPU
		{6380D049-3724-4DDB-8BE4-E6D0CFD11853}.Debug|Any CPU.Build.0 = Debug|Any CPU
		{6380D049-3724-4DDB-8BE4-E6D0CFD11853}.Release|Any CPU.ActiveCfg = Release|Any CPU
		{6380D049-3724-4DDB-8BE4-E6D0CFD11853}.Release|Any CPU.Build.0 = Release|Any CPU
	EndGlobalSection
	GlobalSection(SolutionProperties) = preSolution
		HideSolutionNode = FALSE
	EndGlobalSection
	GlobalSection(ExtensibilityGlobals) = postSolution
		SolutionGuid = {002687AB-859F-4808-86AD-57126A660FEA}
	EndGlobalSection
EndGlobal
